
Microsoft Visual Studio Solution File, Format Version 12.00
# Visual Studio Version 16
VisualStudioVersion = 16.0.29920.165
MinimumVisualStudioVersion = 10.0.40219.1
Project("{FAE04EC0-301F-11D3-BF4B-00C04F79EFBC}") = "SimpleGeneticAlgorithm", "SimpleGeneticAlgorithm\SimpleGeneticAlgorithm.csproj", "{1FEF914D-7203-4537-8778-6B8ED8B0DC31}"
EndProject
Global
	GlobalSection(SolutionConfigurationPlatforms) = preSolution
		Debug|Any CPU = Debug|Any CPU
		Release|Any CPU = Release|Any CPU
	EndGlobalSection
	GlobalSection(ProjectConfigurationPlatforms) = postSolution
		{1FEF914D-7203-4537-8778-6B8ED8B0DC31}.Debug|Any CPU.ActiveCfg = Debug|Any CPU
		{1FEF914D-7203-4537-8778-6B8ED8B0DC31}.Debug|Any CPU.Build.0 = Debug|Any CPU
		{1FEF914D-7203-4537-8778-6B8ED8B0DC31}.Release|Any CPU.ActiveCfg = Release|Any CPU
		{1FEF914D-7203-4537-8778-6B8ED8B0DC31}.Release|Any CPU.Build.0 = Release|Any CPU
	EndGlobalSection
	GlobalSection(SolutionProperties) = preSolution
		HideSolutionNode = FALSE
	EndGlobalSection
	GlobalSection(ExtensibilityGlobals) = postSolution
		SolutionGuid = {C4A878C3-85F1-4CFE-BE8C-900201A88607}
	EndGlobalSection
EndGlobal
